// !$*UTF8*$!
{
	archiveVersion = 1;
	classes = {
	};
	objectVersion = 50;
	objects = {

/* Begin PBXBuildFile section */
		BC6D1822254BB1D80007787E /* AppDelegate.swift in Sources */ = {isa = PBXBuildFile; fileRef = BC6D1821254BB1D80007787E /* AppDelegate.swift */; };
		BC6D1824254BB1D80007787E /* SceneDelegate.swift in Sources */ = {isa = PBXBuildFile; fileRef = BC6D1823254BB1D80007787E /* SceneDelegate.swift */; };
		BC6D1826254BB1D80007787E /* ViewController.swift in Sources */ = {isa = PBXBuildFile; fileRef = BC6D1825254BB1D80007787E /* ViewController.swift */; };
		BC6D1829254BB1D80007787E /* Main.storyboard in Resources */ = {isa = PBXBuildFile; fileRef = BC6D1827254BB1D80007787E /* Main.storyboard */; };
		BC6D182B254BB1D90007787E /* Assets.xcassets in Resources */ = {isa = PBXBuildFile; fileRef = BC6D182A254BB1D90007787E /* Assets.xcassets */; };
		BC6D182E254BB1D90007787E /* LaunchScreen.storyboard in Resources */ = {isa = PBXBuildFile; fileRef = BC6D182C254BB1D90007787E /* LaunchScreen.storyboard */; };
		BC7525DB254CC73400611AA3 /* Media.xcassets in Resources */ = {isa = PBXBuildFile; fileRef = BC7525DA254CC73400611AA3 /* Media.xcassets */; };
		BC7525EF254CCBE400611AA3 /* Saved_ViewController.swift in Sources */ = {isa = PBXBuildFile; fileRef = BC7525EE254CCBE400611AA3 /* Saved_ViewController.swift */; };
/* End PBXBuildFile section */

/* Begin PBXFileReference section */
		BC6D181E254BB1D80007787E /* Shopping_List_App.app */ = {isa = PBXFileReference; explicitFileType = wrapper.application; includeInIndex = 0; path = Shopping_List_App.app; sourceTree = BUILT_PRODUCTS_DIR; };
		BC6D1821254BB1D80007787E /* AppDelegate.swift */ = {isa = PBXFileReference; lastKnownFileType = sourcecode.swift; path = AppDelegate.swift; sourceTree = "<group>"; };
		BC6D1823254BB1D80007787E /* SceneDelegate.swift */ = {isa = PBXFileReference; lastKnownFileType = sourcecode.swift; path = SceneDelegate.swift; sourceTree = "<group>"; };
		BC6D1825254BB1D80007787E /* ViewController.swift */ = {isa = PBXFileReference; lastKnownFileType = sourcecode.swift; path = ViewController.swift; sourceTree = "<group>"; };
		BC6D1828254BB1D80007787E /* Base */ = {isa = PBXFileReference; lastKnownFileType = file.storyboard; name = Base; path = Base.lproj/Main.storyboard; sourceTree = "<group>"; };
		BC6D182A254BB1D90007787E /* Assets.xcassets */ = {isa = PBXFileReference; lastKnownFileType = folder.assetcatalog; path = Assets.xcassets; sourceTree = "<group>"; };
		BC6D182D254BB1D90007787E /* Base */ = {isa = PBXFileReference; lastKnownFileType = file.storyboard; name = Base; path = Base.lproj/LaunchScreen.storyboard; sourceTree = "<group>"; };
		BC6D182F254BB1D90007787E /* Info.plist */ = {isa = PBXFileReference; lastKnownFileType = text.plist.xml; path = Info.plist; sourceTree = "<group>"; };
		BC7525DA254CC73400611AA3 /* Media.xcassets */ = {isa = PBXFileReference; lastKnownFileType = folder.assetcatalog; path = Media.xcassets; sourceTree = "<group>"; };
		BC7525EE254CCBE400611AA3 /* Saved_ViewController.swift */ = {isa = PBXFileReference; lastKnownFileType = sourcecode.swift; path = Saved_ViewController.swift; sourceTree = "<group>"; };
/* End PBXFileReference section */

/* Begin PBXFrameworksBuildPhase section */
		BC6D181B254BB1D80007787E /* Frameworks */ = {
			isa = PBXFrameworksBuildPhase;
			buildActionMask = 2147483647;
			files = (
			);
			runOnlyForDeploymentPostprocessing = 0;
		};
/* End PBXFrameworksBuildPhase section */

/* Begin PBXGroup section */
		BC6D1815254BB1D80007787E = {
			isa = PBXGroup;
			children = (
				BC6D1820254BB1D80007787E /* Shopping_List_App */,
				BC6D181F254BB1D80007787E /* Products */,
			);
			sourceTree = "<group>";
		};
		BC6D181F254BB1D80007787E /* Products */ = {
			isa = PBXGroup;
			children = (
				BC6D181E254BB1D80007787E /* Shopping_List_App.app */,
			);
			name = Products;
			sourceTree = "<group>";
		};
		BC6D1820254BB1D80007787E /* Shopping_List_App */ = {
			isa = PBXGroup;
			children = (
				BC6D182C254BB1D90007787E /* LaunchScreen.storyboard */,
				BC6D1821254BB1D80007787E /* AppDelegate.swift */,
				BC6D1823254BB1D80007787E /* SceneDelegate.swift */,
				BC6D1825254BB1D80007787E /* ViewController.swift */,
				BC6D1827254BB1D80007787E /* Main.storyboard */,
				BC6D182A254BB1D90007787E /* Assets.xcassets */,
				BC7525DA254CC73400611AA3 /* Media.xcassets */,
				BC6D182F254BB1D90007787E /* Info.plist */,
				BC7525EE254CCBE400611AA3 /* Saved_ViewController.swift */,
			);
			path = Shopping_List_App;
			sourceTree = "<group>";
		};
/* End PBXGroup section */

/* Begin PBXNativeTarget section */
		BC6D181D254BB1D80007787E /* Shopping_List_App */ = {
			isa = PBXNativeTarget;
			buildConfigurationList = BC6D1832254BB1D90007787E /* Build configuration list for PBXNativeTarget "Shopping_List_App" */;
			buildPhases = (
				BC6D181A254BB1D80007787E /* Sources */,
				BC6D181B254BB1D80007787E /* Frameworks */,
				BC6D181C254BB1D80007787E /* Resources */,
			);
			buildRules = (
			);
			dependencies = (
			);
			name = Shopping_List_App;
			productName = Shopping_List_App;
			productReference = BC6D181E254BB1D80007787E /* Shopping_List_App.app */;
			productType = "com.apple.product-type.application";
		};
/* End PBXNativeTarget section */

/* Begin PBXProject section */
		BC6D1816254BB1D80007787E /* Project object */ = {
			isa = PBXProject;
			attributes = {
				LastSwiftUpdateCheck = 1210;
				LastUpgradeCheck = 1210;
				TargetAttributes = {
					BC6D181D254BB1D80007787E = {
						CreatedOnToolsVersion = 12.1;
					};
				};
			};
			buildConfigurationList = BC6D1819254BB1D80007787E /* Build configuration list for PBXProject "Shopping_List_App" */;
			compatibilityVersion = "Xcode 9.3";
			developmentRegion = en;
			hasScannedForEncodings = 0;
			knownRegions = (
				en,
				Base,
			);
			mainGroup = BC6D1815254BB1D80007787E;
			productRefGroup = BC6D181F254BB1D80007787E /* Products */;
			projectDirPath = "";
			projectRoot = "";
			targets = (
				BC6D181D254BB1D80007787E /* Shopping_List_App */,
			);
		};
/* End PBXProject section */

/* Begin PBXResourcesBuildPhase section */
		BC6D181C254BB1D80007787E /* Resources */ = {
			isa = PBXResourcesBuildPhase;
			buildActionMask = 2147483647;
			files = (
				BC7525DB254CC73400611AA3 /* Media.xcassets in Resources */,
				BC6D182E254BB1D90007787E /* LaunchScreen.storyboard in Resources */,
				BC6D182B254BB1D90007787E /* Assets.xcassets in Resources */,
				BC6D1829254BB1D80007787E /* Main.storyboard in Resources */,
			);
			runOnlyForDeploymentPostprocessing = 0;
		};
/* End PBXResourcesBuildPhase section */

/* Begin PBXSourcesBuildPhase section */
		BC6D181A254BB1D80007787E /* Sources */ = {
			isa = PBXSourcesBuildPhase;
			buildActionMask = 2147483647;
			files = (
				BC6D1826254BB1D80007787E /* ViewController.swift in Sources */,
				BC6D1822254BB1D80007787E /* AppDelegate.swift in Sources */,
				BC7525EF254CCBE400611AA3 /* Saved_ViewController.swift in Sources */,
				BC6D1824254BB1D80007787E /* SceneDelegate.swift in Sources */,
			);
			runOnlyForDeploymentPostprocessing = 0;
		};
/* End PBXSourcesBuildPhase section */

/* Begin PBXVariantGroup section */
		BC6D1827254BB1D80007787E /* Main.storyboard */ = {
			isa = PBXVariantGroup;
			children = (
				BC6D1828254BB1D80007787E /* Base */,
			);
			name = Main.storyboard;
			sourceTree = "<group>";
		};
		BC6D182C254BB1D90007787E /* LaunchScreen.storyboard */ = {
			isa = PBXVariantGroup;
			children = (
				BC6D182D254BB1D90007787E /* Base */,
			);
			name = LaunchScreen.storyboard;
			sourceTree = "<group>";
		};
/* End PBXVariantGroup section */

/* Begin XCBuildConfiguration section */
		BC6D1830254BB1D90007787E /* Debug */ = {
			isa = XCBuildConfiguration;
			buildSettings = {
				ALWAYS_SEARCH_USER_PATHS = NO;
				CLANG_ANALYZER_NONNULL = YES;
				CLANG_ANALYZER_NUMBER_OBJECT_CONVERSION = YES_AGGRESSIVE;
				CLANG_CXX_LANGUAGE_STANDARD = "gnu++14";
				CLANG_CXX_LIBRARY = "libc++";
				CLANG_ENABLE_MODULES = YES;
				CLANG_ENABLE_OBJC_ARC = YES;
				CLANG_ENABLE_OBJC_WEAK = YES;
				CLANG_WARN_BLOCK_CAPTURE_AUTORELEASING = YES;
				CLANG_WARN_BOOL_CONVERSION = YES;
				CLANG_WARN_COMMA = YES;
				CLANG_WARN_CONSTANT_CONVERSION = YES;
				CLANG_WARN_DEPRECATED_OBJC_IMPLEMENTATIONS = YES;
				CLANG_WARN_DIRECT_OBJC_ISA_USAGE = YES_ERROR;
				CLANG_WARN_DOCUMENTATION_COMMENTS = YES;
				CLANG_WARN_EMPTY_BODY = YES;
				CLANG_WARN_ENUM_CONVERSION = YES;
				CLANG_WARN_INFINITE_RECURSION = YES;
				CLANG_WARN_INT_CONVERSION = YES;
				CLANG_WARN_NON_LITERAL_NULL_CONVERSION = YES;
				CLANG_WARN_OBJC_IMPLICIT_RETAIN_SELF = YES;
				CLANG_WARN_OBJC_LITERAL_CONVERSION = YES;
				CLANG_WARN_OBJC_ROOT_CLASS = YES_ERROR;
				CLANG_WARN_QUOTED_INCLUDE_IN_FRAMEWORK_HEADER = YES;
				CLANG_WARN_RANGE_LOOP_ANALYSIS = YES;
				CLANG_WARN_STRICT_PROTOTYPES = YES;
				CLANG_WARN_SUSPICIOUS_MOVE = YES;
				CLANG_WARN_UNGUARDED_AVAILABILITY = YES_AGGRESSIVE;
				CLANG_WARN_UNREACHABLE_CODE = YES;
				CLANG_WARN__DUPLICATE_METHOD_MATCH = YES;
				COPY_PHASE_STRIP = NO;
				DEBUG_INFORMATION_FORMAT = dwarf;
				ENABLE_STRICT_OBJC_MSGSEND = YES;
				ENABLE_TESTABILITY = YES;
				GCC_C_LANGUAGE_STANDARD = gnu11;
				GCC_DYNAMIC_NO_PIC = NO;
				GCC_NO_COMMON_BLOCKS = YES;
				GCC_OPTIMIZATION_LEVEL = 0;
				GCC_PREPROCESSOR_DEFINITIONS = (
					"DEBUG=1",
					"$(inherited)",
				);
				GCC_WARN_64_TO_32_BIT_CONVERSION = YES;
				GCC_WARN_ABOUT_RETURN_TYPE = YES_ERROR;
				GCC_WARN_UNDECLARED_SELECTOR = YES;
				GCC_WARN_UNINITIALIZED_AUTOS = YES_AGGRESSIVE;
				GCC_WARN_UNUSED_FUNCTION = YES;
				GCC_WARN_UNUSED_VARIABLE = YES;
				IPHONEOS_DEPLOYMENT_TARGET = 14.1;
				MTL_ENABLE_DEBUG_INFO = INCLUDE_SOURCE;
				MTL_FAST_MATH = YES;
				ONLY_ACTIVE_ARCH = YES;
				SDKROOT = iphoneos;
				SWIFT_ACTIVE_COMPILATION_CONDITIONS = DEBUG;
				SWIFT_OPTIMIZATION_LEVEL = "-Onone";
			};
			name = Debug;
		};
		BC6D1831254BB1D90007787E /* Release */ = {
			isa = XCBuildConfiguration;
			buildSettings = {
				ALWAYS_SEARCH_USER_PATHS = NO;
				CLANG_ANALYZER_NONNULL = YES;
				CLANG_ANALYZER_NUMBER_OBJECT_CONVERSION = YES_AGGRESSIVE;
				CLANG_CXX_LANGUAGE_STANDARD = "gnu++14";
				CLANG_CXX_LIBRARY = "libc++";
				CLANG_ENABLE_MODULES = YES;
				CLANG_ENABLE_OBJC_ARC = YES;
				CLANG_ENABLE_OBJC_WEAK = YES;
				CLANG_WARN_BLOCK_CAPTURE_AUTORELEASING = YES;
				CLANG_WARN_BOOL_CONVERSION = YES;
				CLANG_WARN_COMMA = YES;
				CLANG_WARN_CONSTANT_CONVERSION = YES;
				CLANG_WARN_DEPRECATED_OBJC_IMPLEMENTATIONS = YES;
				CLANG_WARN_DIRECT_OBJC_ISA_USAGE = YES_ERROR;
				CLANG_WARN_DOCUMENTATION_COMMENTS = YES;
				CLANG_WARN_EMPTY_BODY = YES;
				CLANG_WARN_ENUM_CONVERSION = YES;
				CLANG_WARN_INFINITE_RECURSION = YES;
				CLANG_WARN_INT_CONVERSION = YES;
				CLANG_WARN_NON_LITERAL_NULL_CONVERSION = YES;
				CLANG_WARN_OBJC_IMPLICIT_RETAIN_SELF = YES;
				CLANG_WARN_OBJC_LITERAL_CONVERSION = YES;
				CLANG_WARN_OBJC_ROOT_CLASS = YES_ERROR;
				CLANG_WARN_QUOTED_INCLUDE_IN_FRAMEWORK_HEADER = YES;
				CLANG_WARN_RANGE_LOOP_ANALYSIS = YES;
				CLANG_WARN_STRICT_PROTOTYPES = YES;
				CLANG_WARN_SUSPICIOUS_MOVE = YES;
				CLANG_WARN_UNGUARDED_AVAILABILITY = YES_AGGRESSIVE;
				CLANG_WARN_UNREACHABLE_CODE = YES;
				CLANG_WARN__DUPLICATE_METHOD_MATCH = YES;
				COPY_PHASE_STRIP = NO;
				DEBUG_INFORMATION_FORMAT = "dwarf-with-dsym";
				ENABLE_NS_ASSERTIONS = NO;
				ENABLE_STRICT_OBJC_MSGSEND = YES;
				GCC_C_LANGUAGE_STANDARD = gnu11;
				GCC_NO_COMMON_BLOCKS = YES;
				GCC_WARN_64_TO_32_BIT_CONVERSION = YES;
				GCC_WARN_ABOUT_RETURN_TYPE = YES_ERROR;
				GCC_WARN_UNDECLARED_SELECTOR = YES;
				GCC_WARN_UNINITIALIZED_AUTOS = YES_AGGRESSIVE;
				GCC_WARN_UNUSED_FUNCTION = YES;
				GCC_WARN_UNUSED_VARIABLE = YES;
				IPHONEOS_DEPLOYMENT_TARGET = 14.1;
				MTL_ENABLE_DEBUG_INFO = NO;
				MTL_FAST_MATH = YES;
				SDKROOT = iphoneos;
				SWIFT_COMPILATION_MODE = wholemodule;
				SWIFT_OPTIMIZATION_LEVEL = "-O";
				VALIDATE_PRODUCT = YES;
			};
			name = Release;
		};
		BC6D1833254BB1D90007787E /* Debug */ = {
			isa = XCBuildConfiguration;
			buildSettings = {
				ASSETCATALOG_COMPILER_APPICON_NAME = AppIcon;
				ASSETCATALOG_COMPILER_GLOBAL_ACCENT_COLOR_NAME = AccentColor;
				CODE_SIGN_STYLE = Automatic;
				INFOPLIST_FILE = Shopping_List_App/Info.plist;
				LD_RUNPATH_SEARCH_PATHS = (
					"$(inherited)",
					"@executable_path/Frameworks",
				);
				PRODUCT_BUNDLE_IDENTIFIER = "Abdeali-Mody.Shopping-List-App";
				PRODUCT_NAME = "$(TARGET_NAME)";
				SWIFT_VERSION = 5.0;
				TARGETED_DEVICE_FAMILY = "1,2";
			};
			name = Debug;
		};
		BC6D1834254BB1D90007787E /* Release */ = {
			isa = XCBuildConfiguration;
			buildSettings = {
				ASSETCATALOG_COMPILER_APPICON_NAME = AppIcon;
				ASSETCATALOG_COMPILER_GLOBAL_ACCENT_COLOR_NAME = AccentColor;
				CODE_SIGN_STYLE = Automatic;
				INFOPLIST_FILE = Shopping_List_App/Info.plist;
				LD_RUNPATH_SEARCH_PATHS = (
					"$(inherited)",
					"@executable_path/Frameworks",
				);
				PRODUCT_BUNDLE_IDENTIFIER = "Abdeali-Mody.Shopping-List-App";
				PRODUCT_NAME = "$(TARGET_NAME)";
				SWIFT_VERSION = 5.0;
				TARGETED_DEVICE_FAMILY = "1,2";
			};
			name = Release;
		};
/* End XCBuildConfiguration section */

/* Begin XCConfigurationList section */
		BC6D1819254BB1D80007787E /* Build configuration list for PBXProject "Shopping_List_App" */ = {
			isa = XCConfigurationList;
			buildConfigurations = (
				BC6D1830254BB1D90007787E /* Debug */,
				BC6D1831254BB1D90007787E /* Release */,
			);
			defaultConfigurationIsVisible = 0;
			defaultConfigurationName = Release;
		};
		BC6D1832254BB1D90007787E /* Build configuration list for PBXNativeTarget "Shopping_List_App" */ = {
			isa = XCConfigurationList;
			buildConfigurations = (
				BC6D1833254BB1D90007787E /* Debug */,
				BC6D1834254BB1D90007787E /* Release */,
			);
			defaultConfigurationIsVisible = 0;
			defaultConfigurationName = Release;
		};
/* End XCConfigurationList section */
	};
	rootObject = BC6D1816254BB1D80007787E /* Project object */;
}
